{
  "name": "lwrjs-env-module-provider",
  "version": "1.0.0",
  "lockfileVersion": 2,
  "requires": true,
  "packages": {
    "": {
      "name": "lwrjs-env-module-provider",
      "version": "1.0.0",
      "license": "BSD-3-Clause",
      "engines": {
        "node": ">=14.15.4 < 19"
      }
    }
  }
}
